// !$*UTF8*$!
{
	archiveVersion = 1;
	classes = {
	};
	objectVersion = 51;
	objects = {

/* Begin PBXBuildFile section */
		609956815F83418D5BFEBED2 /* Pods_ex_idus.framework in Frameworks */ = {isa = PBXBuildFile; fileRef = FD543026DED85A23DAE0A884 /* Pods_ex_idus.framework */; settings = {ATTRIBUTES = (Required, ); }; };
		84698893242A5218002518D6 /* Router.swift in Sources */ = {isa = PBXBuildFile; fileRef = 84698892242A5218002518D6 /* Router.swift */; };
		8469A5A02402959600F4A44E /* ProductCell.swift in Sources */ = {isa = PBXBuildFile; fileRef = 8469A59F2402959600F4A44E /* ProductCell.swift */; };
		8469A5A3240295F700F4A44E /* Product.swift in Sources */ = {isa = PBXBuildFile; fileRef = 8469A5A2240295F700F4A44E /* Product.swift */; };
		8469BB5C242FD54400AA1E01 /* ProductDetailDescriptionCell.swift in Sources */ = {isa = PBXBuildFile; fileRef = 8469BB5B242FD54400AA1E01 /* ProductDetailDescriptionCell.swift */; };
		8469BB60242FD58400AA1E01 /* ProductThumbnailCell.swift in Sources */ = {isa = PBXBuildFile; fileRef = 8469BB5F242FD58400AA1E01 /* ProductThumbnailCell.swift */; };
		8469BB6424311BD500AA1E01 /* ThumbnailCollectionViewCell.swift in Sources */ = {isa = PBXBuildFile; fileRef = 8469BB6324311BD500AA1E01 /* ThumbnailCollectionViewCell.swift */; };
		846A3420242E0F66000EA750 /* ProductInfoCell.swift in Sources */ = {isa = PBXBuildFile; fileRef = 846A341F242E0F66000EA750 /* ProductInfoCell.swift */; };
		846B092F2416212400E76080 /* ProductDetailViewController.swift in Sources */ = {isa = PBXBuildFile; fileRef = 846B092E2416212400E76080 /* ProductDetailViewController.swift */; };
		846B5F47240169BF00D10EA6 /* ProductListViewController.swift in Sources */ = {isa = PBXBuildFile; fileRef = 846B5F46240169BF00D10EA6 /* ProductListViewController.swift */; };
		846EE3E6243369A500A3987E /* ProductDetailViewController + TableView.swift in Sources */ = {isa = PBXBuildFile; fileRef = 846EE3E5243369A500A3987E /* ProductDetailViewController + TableView.swift */; };
		846EE3EE24338B4F00A3987E /* AppTheme.swift in Sources */ = {isa = PBXBuildFile; fileRef = 846EE3ED24338B4F00A3987E /* AppTheme.swift */; };
		846EE3F024338BA600A3987E /* Color.swift in Sources */ = {isa = PBXBuildFile; fileRef = 846EE3EF24338BA600A3987E /* Color.swift */; };
		846FDE442417C8A4003613B2 /* Network.swift in Sources */ = {isa = PBXBuildFile; fileRef = 846FDE432417C8A4003613B2 /* Network.swift */; };
		84709E6124378DBF00960EB4 /* String+Extension.swift in Sources */ = {isa = PBXBuildFile; fileRef = 84709E6024378DBF00960EB4 /* String+Extension.swift */; };
		84729EEA242D0B090067C813 /* ProductDetail.swift in Sources */ = {isa = PBXBuildFile; fileRef = 84729EE9242D0B090067C813 /* ProductDetail.swift */; };
		84742151242660C7007FCE54 /* LoadingReusableView.swift in Sources */ = {isa = PBXBuildFile; fileRef = 8474214F242660C7007FCE54 /* LoadingReusableView.swift */; };
		84742152242660C7007FCE54 /* LoadingReusableView.xib in Resources */ = {isa = PBXBuildFile; fileRef = 84742150242660C7007FCE54 /* LoadingReusableView.xib */; };
		8474679B2428ED7900089E7A /* UIView+Extension.swift in Sources */ = {isa = PBXBuildFile; fileRef = 8474679A2428ED7900089E7A /* UIView+Extension.swift */; };
		847512842439F1710095A5EA /* NotoSansCJKkr-Black.otf in Resources */ = {isa = PBXBuildFile; fileRef = 847512822439F1700095A5EA /* NotoSansCJKkr-Black.otf */; };
		847512852439F1710095A5EA /* NotoSansCJKkr-Bold.otf in Resources */ = {isa = PBXBuildFile; fileRef = 847512832439F1710095A5EA /* NotoSansCJKkr-Bold.otf */; };
		847512872439F5E50095A5EA /* Font.swift in Sources */ = {isa = PBXBuildFile; fileRef = 847512862439F5E50095A5EA /* Font.swift */; };
		848D206B23FD85E8001CF01A /* AppDelegate.swift in Sources */ = {isa = PBXBuildFile; fileRef = 848D206A23FD85E8001CF01A /* AppDelegate.swift */; };
		848D207223FD85E8001CF01A /* Main.storyboard in Resources */ = {isa = PBXBuildFile; fileRef = 848D207023FD85E8001CF01A /* Main.storyboard */; };
		848D207423FD85ED001CF01A /* Assets.xcassets in Resources */ = {isa = PBXBuildFile; fileRef = 848D207323FD85ED001CF01A /* Assets.xcassets */; };
		848D207723FD85ED001CF01A /* LaunchScreen.storyboard in Resources */ = {isa = PBXBuildFile; fileRef = 848D207523FD85ED001CF01A /* LaunchScreen.storyboard */; };
/* End PBXBuildFile section */

/* Begin PBXFileReference section */
		087624E60E8F95E144ECF82F /* Pods-ex_idus.release.xcconfig */ = {isa = PBXFileReference; includeInIndex = 1; lastKnownFileType = text.xcconfig; name = "Pods-ex_idus.release.xcconfig"; path = "Target Support Files/Pods-ex_idus/Pods-ex_idus.release.xcconfig"; sourceTree = "<group>"; };
		84698892242A5218002518D6 /* Router.swift */ = {isa = PBXFileReference; lastKnownFileType = sourcecode.swift; path = Router.swift; sourceTree = "<group>"; };
		8469A59F2402959600F4A44E /* ProductCell.swift */ = {isa = PBXFileReference; lastKnownFileType = sourcecode.swift; path = ProductCell.swift; sourceTree = "<group>"; };
		8469A5A2240295F700F4A44E /* Product.swift */ = {isa = PBXFileReference; lastKnownFileType = sourcecode.swift; path = Product.swift; sourceTree = "<group>"; };
		8469BB5B242FD54400AA1E01 /* ProductDetailDescriptionCell.swift */ = {isa = PBXFileReference; lastKnownFileType = sourcecode.swift; path = ProductDetailDescriptionCell.swift; sourceTree = "<group>"; };
		8469BB5F242FD58400AA1E01 /* ProductThumbnailCell.swift */ = {isa = PBXFileReference; lastKnownFileType = sourcecode.swift; path = ProductThumbnailCell.swift; sourceTree = "<group>"; };
		8469BB6324311BD500AA1E01 /* ThumbnailCollectionViewCell.swift */ = {isa = PBXFileReference; lastKnownFileType = sourcecode.swift; path = ThumbnailCollectionViewCell.swift; sourceTree = "<group>"; };
		846A341F242E0F66000EA750 /* ProductInfoCell.swift */ = {isa = PBXFileReference; lastKnownFileType = sourcecode.swift; path = ProductInfoCell.swift; sourceTree = "<group>"; };
		846B092E2416212400E76080 /* ProductDetailViewController.swift */ = {isa = PBXFileReference; lastKnownFileType = sourcecode.swift; path = ProductDetailViewController.swift; sourceTree = "<group>"; };
		846B5F46240169BF00D10EA6 /* ProductListViewController.swift */ = {isa = PBXFileReference; lastKnownFileType = sourcecode.swift; path = ProductListViewController.swift; sourceTree = "<group>"; };
		846EE3E5243369A500A3987E /* ProductDetailViewController + TableView.swift */ = {isa = PBXFileReference; lastKnownFileType = sourcecode.swift; path = "ProductDetailViewController + TableView.swift"; sourceTree = "<group>"; };
		846EE3ED24338B4F00A3987E /* AppTheme.swift */ = {isa = PBXFileReference; lastKnownFileType = sourcecode.swift; path = AppTheme.swift; sourceTree = "<group>"; };
		846EE3EF24338BA600A3987E /* Color.swift */ = {isa = PBXFileReference; lastKnownFileType = sourcecode.swift; path = Color.swift; sourceTree = "<group>"; };
		846FDE432417C8A4003613B2 /* Network.swift */ = {isa = PBXFileReference; lastKnownFileType = sourcecode.swift; path = Network.swift; sourceTree = "<group>"; };
		84709E6024378DBF00960EB4 /* String+Extension.swift */ = {isa = PBXFileReference; lastKnownFileType = sourcecode.swift; path = "String+Extension.swift"; sourceTree = "<group>"; };
		84729EE9242D0B090067C813 /* ProductDetail.swift */ = {isa = PBXFileReference; lastKnownFileType = sourcecode.swift; path = ProductDetail.swift; sourceTree = "<group>"; };
		8474214F242660C7007FCE54 /* LoadingReusableView.swift */ = {isa = PBXFileReference; lastKnownFileType = sourcecode.swift; path = LoadingReusableView.swift; sourceTree = "<group>"; };
		84742150242660C7007FCE54 /* LoadingReusableView.xib */ = {isa = PBXFileReference; lastKnownFileType = file.xib; path = LoadingReusableView.xib; sourceTree = "<group>"; };
		8474679A2428ED7900089E7A /* UIView+Extension.swift */ = {isa = PBXFileReference; lastKnownFileType = sourcecode.swift; path = "UIView+Extension.swift"; sourceTree = "<group>"; };
		847512822439F1700095A5EA /* NotoSansCJKkr-Black.otf */ = {isa = PBXFileReference; lastKnownFileType = file; path = "NotoSansCJKkr-Black.otf"; sourceTree = "<group>"; };
		847512832439F1710095A5EA /* NotoSansCJKkr-Bold.otf */ = {isa = PBXFileReference; lastKnownFileType = file; path = "NotoSansCJKkr-Bold.otf"; sourceTree = "<group>"; };
		847512862439F5E50095A5EA /* Font.swift */ = {isa = PBXFileReference; lastKnownFileType = sourcecode.swift; path = Font.swift; sourceTree = "<group>"; };
		8475128A243F5A870095A5EA /* NotoSansCJKkr-Black.otf */ = {isa = PBXFileReference; lastKnownFileType = file; name = "NotoSansCJKkr-Black.otf"; path = "ex_idus/ViewController/ProductList/Resources/Resources/Font/Resources/Font/NotoSansCJKkr-Black.otf"; sourceTree = "<group>"; };
		8475128B243F5A870095A5EA /* NotoSansCJKkr-Bold.otf */ = {isa = PBXFileReference; lastKnownFileType = file; name = "NotoSansCJKkr-Bold.otf"; path = "ex_idus/ViewController/ProductList/Resources/Resources/Font/Resources/Font/NotoSansCJKkr-Bold.otf"; sourceTree = "<group>"; };
		8475128D243F5A870095A5EA /* Info.plist */ = {isa = PBXFileReference; lastKnownFileType = text.plist; name = Info.plist; path = Resources/Info.plist; sourceTree = "<group>"; };
		8475128E243F5A870095A5EA /* Assets.xcassets */ = {isa = PBXFileReference; lastKnownFileType = folder.assetcatalog; name = Assets.xcassets; path = Resources/Assets.xcassets; sourceTree = "<group>"; };
		8475128F243F5A870095A5EA /* LaunchScreen.storyboard */ = {isa = PBXFileReference; lastKnownFileType = file.storyboard; name = LaunchScreen.storyboard; path = Resources/ex_idus/ViewController/ProductList/Resources/Resources/Resources/Base.lproj/LaunchScreen.storyboard; sourceTree = "<group>"; };
		848D206723FD85E8001CF01A /* ex_idus.app */ = {isa = PBXFileReference; explicitFileType = wrapper.application; includeInIndex = 0; path = ex_idus.app; sourceTree = BUILT_PRODUCTS_DIR; };
		848D206A23FD85E8001CF01A /* AppDelegate.swift */ = {isa = PBXFileReference; lastKnownFileType = sourcecode.swift; path = AppDelegate.swift; sourceTree = "<group>"; };
		848D207123FD85E8001CF01A /* Base */ = {isa = PBXFileReference; lastKnownFileType = file.storyboard; name = Base; path = Base.lproj/Main.storyboard; sourceTree = "<group>"; };
		848D207323FD85ED001CF01A /* Assets.xcassets */ = {isa = PBXFileReference; lastKnownFileType = folder.assetcatalog; path = Assets.xcassets; sourceTree = "<group>"; };
		848D207623FD85ED001CF01A /* Base */ = {isa = PBXFileReference; lastKnownFileType = file.storyboard; name = Base; path = Base.lproj/LaunchScreen.storyboard; sourceTree = "<group>"; };
		848D207823FD85ED001CF01A /* Info.plist */ = {isa = PBXFileReference; lastKnownFileType = text.plist.xml; path = Info.plist; sourceTree = "<group>"; };
		A8A034AA156BAEBBA18C7025 /* Pods-ex_idus.debug.xcconfig */ = {isa = PBXFileReference; includeInIndex = 1; lastKnownFileType = text.xcconfig; name = "Pods-ex_idus.debug.xcconfig"; path = "Target Support Files/Pods-ex_idus/Pods-ex_idus.debug.xcconfig"; sourceTree = "<group>"; };
		FD543026DED85A23DAE0A884 /* Pods_ex_idus.framework */ = {isa = PBXFileReference; explicitFileType = wrapper.framework; includeInIndex = 0; path = Pods_ex_idus.framework; sourceTree = BUILT_PRODUCTS_DIR; };
/* End PBXFileReference section */

/* Begin PBXFrameworksBuildPhase section */
		848D206423FD85E8001CF01A /* Frameworks */ = {
			isa = PBXFrameworksBuildPhase;
			buildActionMask = 2147483647;
			files = (
				609956815F83418D5BFEBED2 /* Pods_ex_idus.framework in Frameworks */,
			);
			runOnlyForDeploymentPostprocessing = 0;
		};
/* End PBXFrameworksBuildPhase section */

/* Begin PBXGroup section */
		8469A59E2402954C00F4A44E /* ProductList */ = {
			isa = PBXGroup;
			children = (
				846B5F46240169BF00D10EA6 /* ProductListViewController.swift */,
				846D2B4E2432766A001F12D6 /* Cell */,
			);
			path = ProductList;
			sourceTree = "<group>";
		};
		8469A5A1240295D900F4A44E /* Model */ = {
			isa = PBXGroup;
			children = (
				84729EE9242D0B090067C813 /* ProductDetail.swift */,
				8469A5A2240295F700F4A44E /* Product.swift */,
			);
			path = Model;
			sourceTree = "<group>";
		};
		846B5F452401693600D10EA6 /* ViewController */ = {
			isa = PBXGroup;
			children = (
				846F8E0124156E2800DB4A7D /* ProductDetail */,
				8469A59E2402954C00F4A44E /* ProductList */,
				84751291243F5A870095A5EA /* Resources */,
			);
			path = ViewController;
			sourceTree = "<group>";
		};
		846D2B4E2432766A001F12D6 /* Cell */ = {
			isa = PBXGroup;
			children = (
				8469A59F2402959600F4A44E /* ProductCell.swift */,
			);
			path = Cell;
			sourceTree = "<group>";
		};
		846D2B4F2432767F001F12D6 /* Cell */ = {
			isa = PBXGroup;
			children = (
				846A341F242E0F66000EA750 /* ProductInfoCell.swift */,
				8469BB5B242FD54400AA1E01 /* ProductDetailDescriptionCell.swift */,
				8469BB5F242FD58400AA1E01 /* ProductThumbnailCell.swift */,
				8469BB6324311BD500AA1E01 /* ThumbnailCollectionViewCell.swift */,
			);
			path = Cell;
			sourceTree = "<group>";
		};
		846EE3E924338AAA00A3987E /* Base */ = {
			isa = PBXGroup;
			children = (
				8474214F242660C7007FCE54 /* LoadingReusableView.swift */,
				84742150242660C7007FCE54 /* LoadingReusableView.xib */,
			);
			path = Base;
			sourceTree = "<group>";
		};
		846EE3EA24338AED00A3987E /* Theme */ = {
			isa = PBXGroup;
			children = (
				846EE3ED24338B4F00A3987E /* AppTheme.swift */,
				846EE3EF24338BA600A3987E /* Color.swift */,
				847512862439F5E50095A5EA /* Font.swift */,
			);
			path = Theme;
			sourceTree = "<group>";
		};
		846F8DFD24156A4D00DB4A7D /* Utility */ = {
			isa = PBXGroup;
			children = (
				846EE3EA24338AED00A3987E /* Theme */,
				846F8DFE24156A6500DB4A7D /* Extension */,
			);
			path = Utility;
			sourceTree = "<group>";
		};
		846F8DFE24156A6500DB4A7D /* Extension */ = {
			isa = PBXGroup;
			children = (
				8474679A2428ED7900089E7A /* UIView+Extension.swift */,
				84709E6024378DBF00960EB4 /* String+Extension.swift */,
			);
			path = Extension;
			sourceTree = "<group>";
		};
		846F8E0124156E2800DB4A7D /* ProductDetail */ = {
			isa = PBXGroup;
			children = (
				846B092E2416212400E76080 /* ProductDetailViewController.swift */,
				846EE3E5243369A500A3987E /* ProductDetailViewController + TableView.swift */,
				846D2B4F2432767F001F12D6 /* Cell */,
			);
			path = ProductDetail;
			sourceTree = "<group>";
		};
		846FDE422417C88E003613B2 /* Service */ = {
			isa = PBXGroup;
			children = (
				846FDE432417C8A4003613B2 /* Network.swift */,
				84698892242A5218002518D6 /* Router.swift */,
			);
			path = Service;
			sourceTree = "<group>";
		};
		847512812439F1390095A5EA /* Font */ = {
			isa = PBXGroup;
			children = (
				847512822439F1700095A5EA /* NotoSansCJKkr-Black.otf */,
				847512832439F1710095A5EA /* NotoSansCJKkr-Bold.otf */,
			);
			path = Font;
			sourceTree = "<group>";
		};
		84751288243F581C0095A5EA /* Storyboard */ = {
			isa = PBXGroup;
			children = (
				848D207023FD85E8001CF01A /* Main.storyboard */,
			);
			path = Storyboard;
			sourceTree = "<group>";
		};
		84751289243F588F0095A5EA /* Module */ = {
			isa = PBXGroup;
			children = (
				846EE3E924338AAA00A3987E /* Base */,
			);
			path = Module;
			sourceTree = "<group>";
		};
		8475128C243F5A870095A5EA /* Font */ = {
			isa = PBXGroup;
			children = (
				8475128A243F5A870095A5EA /* NotoSansCJKkr-Black.otf */,
				8475128B243F5A870095A5EA /* NotoSansCJKkr-Bold.otf */,
			);
			name = Font;
			path = Resources/Font;
			sourceTree = "<group>";
		};
		84751291243F5A870095A5EA /* Resources */ = {
			isa = PBXGroup;
			children = (
				8475128C243F5A870095A5EA /* Font */,
				8475128D243F5A870095A5EA /* Info.plist */,
				8475128E243F5A870095A5EA /* Assets.xcassets */,
				8475128F243F5A870095A5EA /* LaunchScreen.storyboard */,
			);
			name = Resources;
			path = /Users/Parkgeunhyeong/Desktop/git/ex_idus/ex_idus/ViewController/ProductList/Resources;
			sourceTree = "<absolute>";
		};
		848D205E23FD85E8001CF01A = {
			isa = PBXGroup;
			children = (
				848D206923FD85E8001CF01A /* ex_idus */,
				848D206823FD85E8001CF01A /* Products */,
				84AB88AF23FECD46000AA0C1 /* Resources */,
				E4B39EBA88FD1D913118C26A /* Frameworks */,
				986D11E06199CA29D586981A /* Pods */,
			);
			sourceTree = "<group>";
		};
		848D206823FD85E8001CF01A /* Products */ = {
			isa = PBXGroup;
			children = (
				848D206723FD85E8001CF01A /* ex_idus.app */,
			);
			name = Products;
			sourceTree = "<group>";
		};
		848D206923FD85E8001CF01A /* ex_idus */ = {
			isa = PBXGroup;
			children = (
				848D206A23FD85E8001CF01A /* AppDelegate.swift */,
				84751288243F581C0095A5EA /* Storyboard */,
				84751289243F588F0095A5EA /* Module */,
				846FDE422417C88E003613B2 /* Service */,
				8469A5A1240295D900F4A44E /* Model */,
				846F8DFD24156A4D00DB4A7D /* Utility */,
				846B5F452401693600D10EA6 /* ViewController */,
			);
			path = ex_idus;
			sourceTree = "<group>";
		};
		84AB88AF23FECD46000AA0C1 /* Resources */ = {
			isa = PBXGroup;
			children = (
				847512812439F1390095A5EA /* Font */,
				848D207823FD85ED001CF01A /* Info.plist */,
				848D207323FD85ED001CF01A /* Assets.xcassets */,
				848D207523FD85ED001CF01A /* LaunchScreen.storyboard */,
			);
			path = Resources;
			sourceTree = "<group>";
		};
		986D11E06199CA29D586981A /* Pods */ = {
			isa = PBXGroup;
			children = (
				A8A034AA156BAEBBA18C7025 /* Pods-ex_idus.debug.xcconfig */,
				087624E60E8F95E144ECF82F /* Pods-ex_idus.release.xcconfig */,
			);
			path = Pods;
			sourceTree = "<group>";
		};
		E4B39EBA88FD1D913118C26A /* Frameworks */ = {
			isa = PBXGroup;
			children = (
				FD543026DED85A23DAE0A884 /* Pods_ex_idus.framework */,
			);
			name = Frameworks;
			sourceTree = "<group>";
		};
/* End PBXGroup section */

/* Begin PBXNativeTarget section */
		848D206623FD85E8001CF01A /* ex_idus */ = {
			isa = PBXNativeTarget;
			buildConfigurationList = 848D207B23FD85ED001CF01A /* Build configuration list for PBXNativeTarget "ex_idus" */;
			buildPhases = (
				B05EDABD2966F498C3874CA1 /* [CP] Check Pods Manifest.lock */,
				848D206323FD85E8001CF01A /* Sources */,
				848D206423FD85E8001CF01A /* Frameworks */,
				848D206523FD85E8001CF01A /* Resources */,
				4AF2EAAF7A242BA7F417A56F /* [CP] Embed Pods Frameworks */,
			);
			buildRules = (
			);
			dependencies = (
			);
			name = ex_idus;
			productName = ex_idus;
			productReference = 848D206723FD85E8001CF01A /* ex_idus.app */;
			productType = "com.apple.product-type.application";
		};
/* End PBXNativeTarget section */

/* Begin PBXProject section */
		848D205F23FD85E8001CF01A /* Project object */ = {
			isa = PBXProject;
			attributes = {
				LastSwiftUpdateCheck = 1130;
				LastUpgradeCheck = 1130;
				ORGANIZATIONNAME = pgh;
				TargetAttributes = {
					848D206623FD85E8001CF01A = {
						CreatedOnToolsVersion = 11.3.1;
					};
				};
			};
			buildConfigurationList = 848D206223FD85E8001CF01A /* Build configuration list for PBXProject "ex_idus" */;
			compatibilityVersion = "Xcode 9.3";
			developmentRegion = en;
			hasScannedForEncodings = 0;
			knownRegions = (
				en,
				Base,
			);
			mainGroup = 848D205E23FD85E8001CF01A;
			productRefGroup = 848D206823FD85E8001CF01A /* Products */;
			projectDirPath = "";
			projectRoot = "";
			targets = (
				848D206623FD85E8001CF01A /* ex_idus */,
			);
		};
/* End PBXProject section */

/* Begin PBXResourcesBuildPhase section */
		848D206523FD85E8001CF01A /* Resources */ = {
			isa = PBXResourcesBuildPhase;
			buildActionMask = 2147483647;
			files = (
				847512842439F1710095A5EA /* NotoSansCJKkr-Black.otf in Resources */,
				84742152242660C7007FCE54 /* LoadingReusableView.xib in Resources */,
				848D207723FD85ED001CF01A /* LaunchScreen.storyboard in Resources */,
				848D207423FD85ED001CF01A /* Assets.xcassets in Resources */,
				848D207223FD85E8001CF01A /* Main.storyboard in Resources */,
				847512852439F1710095A5EA /* NotoSansCJKkr-Bold.otf in Resources */,
			);
			runOnlyForDeploymentPostprocessing = 0;
		};
/* End PBXResourcesBuildPhase section */

/* Begin PBXShellScriptBuildPhase section */
		4AF2EAAF7A242BA7F417A56F /* [CP] Embed Pods Frameworks */ = {
			isa = PBXShellScriptBuildPhase;
			buildActionMask = 2147483647;
			files = (
			);
			inputFileListPaths = (
				"${PODS_ROOT}/Target Support Files/Pods-ex_idus/Pods-ex_idus-frameworks-${CONFIGURATION}-input-files.xcfilelist",
			);
			name = "[CP] Embed Pods Frameworks";
			outputFileListPaths = (
				"${PODS_ROOT}/Target Support Files/Pods-ex_idus/Pods-ex_idus-frameworks-${CONFIGURATION}-output-files.xcfilelist",
			);
			runOnlyForDeploymentPostprocessing = 0;
			shellPath = /bin/sh;
			shellScript = "\"${PODS_ROOT}/Target Support Files/Pods-ex_idus/Pods-ex_idus-frameworks.sh\"\n";
			showEnvVarsInLog = 0;
		};
		B05EDABD2966F498C3874CA1 /* [CP] Check Pods Manifest.lock */ = {
			isa = PBXShellScriptBuildPhase;
			buildActionMask = 2147483647;
			files = (
			);
			inputFileListPaths = (
			);
			inputPaths = (
				"${PODS_PODFILE_DIR_PATH}/Podfile.lock",
				"${PODS_ROOT}/Manifest.lock",
			);
			name = "[CP] Check Pods Manifest.lock";
			outputFileListPaths = (
			);
			outputPaths = (
				"$(DERIVED_FILE_DIR)/Pods-ex_idus-checkManifestLockResult.txt",
			);
			runOnlyForDeploymentPostprocessing = 0;
			shellPath = /bin/sh;
			shellScript = "diff \"${PODS_PODFILE_DIR_PATH}/Podfile.lock\" \"${PODS_ROOT}/Manifest.lock\" > /dev/null\nif [ $? != 0 ] ; then\n    # print error to STDERR\n    echo \"error: The sandbox is not in sync with the Podfile.lock. Run 'pod install' or update your CocoaPods installation.\" >&2\n    exit 1\nfi\n# This output is used by Xcode 'outputs' to avoid re-running this script phase.\necho \"SUCCESS\" > \"${SCRIPT_OUTPUT_FILE_0}\"\n";
			showEnvVarsInLog = 0;
		};
/* End PBXShellScriptBuildPhase section */

/* Begin PBXSourcesBuildPhase section */
		848D206323FD85E8001CF01A /* Sources */ = {
			isa = PBXSourcesBuildPhase;
			buildActionMask = 2147483647;
			files = (
				8469BB60242FD58400AA1E01 /* ProductThumbnailCell.swift in Sources */,
				84742151242660C7007FCE54 /* LoadingReusableView.swift in Sources */,
				846A3420242E0F66000EA750 /* ProductInfoCell.swift in Sources */,
				8469A5A02402959600F4A44E /* ProductCell.swift in Sources */,
				847512872439F5E50095A5EA /* Font.swift in Sources */,
				846EE3F024338BA600A3987E /* Color.swift in Sources */,
				8469A5A3240295F700F4A44E /* Product.swift in Sources */,
				8474679B2428ED7900089E7A /* UIView+Extension.swift in Sources */,
				8469BB5C242FD54400AA1E01 /* ProductDetailDescriptionCell.swift in Sources */,
				8469BB6424311BD500AA1E01 /* ThumbnailCollectionViewCell.swift in Sources */,
				846EE3E6243369A500A3987E /* ProductDetailViewController + TableView.swift in Sources */,
				84709E6124378DBF00960EB4 /* String+Extension.swift in Sources */,
				846EE3EE24338B4F00A3987E /* AppTheme.swift in Sources */,
				84698893242A5218002518D6 /* Router.swift in Sources */,
				846B5F47240169BF00D10EA6 /* ProductListViewController.swift in Sources */,
				84729EEA242D0B090067C813 /* ProductDetail.swift in Sources */,
				846B092F2416212400E76080 /* ProductDetailViewController.swift in Sources */,
				846FDE442417C8A4003613B2 /* Network.swift in Sources */,
				848D206B23FD85E8001CF01A /* AppDelegate.swift in Sources */,
			);
			runOnlyForDeploymentPostprocessing = 0;
		};
/* End PBXSourcesBuildPhase section */

/* Begin PBXVariantGroup section */
		848D207023FD85E8001CF01A /* Main.storyboard */ = {
			isa = PBXVariantGroup;
			children = (
				848D207123FD85E8001CF01A /* Base */,
			);
			name = Main.storyboard;
			sourceTree = "<group>";
		};
		848D207523FD85ED001CF01A /* LaunchScreen.storyboard */ = {
			isa = PBXVariantGroup;
			children = (
				848D207623FD85ED001CF01A /* Base */,
			);
			name = LaunchScreen.storyboard;
			sourceTree = "<group>";
		};
/* End PBXVariantGroup section */

/* Begin XCBuildConfiguration section */
		848D207923FD85ED001CF01A /* Debug */ = {
			isa = XCBuildConfiguration;
			buildSettings = {
				ALWAYS_SEARCH_USER_PATHS = NO;
				CLANG_ANALYZER_NONNULL = YES;
				CLANG_ANALYZER_NUMBER_OBJECT_CONVERSION = YES_AGGRESSIVE;
				CLANG_CXX_LANGUAGE_STANDARD = "gnu++14";
				CLANG_CXX_LIBRARY = "libc++";
				CLANG_ENABLE_MODULES = YES;
				CLANG_ENABLE_OBJC_ARC = YES;
				CLANG_ENABLE_OBJC_WEAK = YES;
				CLANG_WARN_BLOCK_CAPTURE_AUTORELEASING = YES;
				CLANG_WARN_BOOL_CONVERSION = YES;
				CLANG_WARN_COMMA = YES;
				CLANG_WARN_CONSTANT_CONVERSION = YES;
				CLANG_WARN_DEPRECATED_OBJC_IMPLEMENTATIONS = YES;
				CLANG_WARN_DIRECT_OBJC_ISA_USAGE = YES_ERROR;
				CLANG_WARN_DOCUMENTATION_COMMENTS = YES;
				CLANG_WARN_EMPTY_BODY = YES;
				CLANG_WARN_ENUM_CONVERSION = YES;
				CLANG_WARN_INFINITE_RECURSION = YES;
				CLANG_WARN_INT_CONVERSION = YES;
				CLANG_WARN_NON_LITERAL_NULL_CONVERSION = YES;
				CLANG_WARN_OBJC_IMPLICIT_RETAIN_SELF = YES;
				CLANG_WARN_OBJC_LITERAL_CONVERSION = YES;
				CLANG_WARN_OBJC_ROOT_CLASS = YES_ERROR;
				CLANG_WARN_RANGE_LOOP_ANALYSIS = YES;
				CLANG_WARN_STRICT_PROTOTYPES = YES;
				CLANG_WARN_SUSPICIOUS_MOVE = YES;
				CLANG_WARN_UNGUARDED_AVAILABILITY = YES_AGGRESSIVE;
				CLANG_WARN_UNREACHABLE_CODE = YES;
				CLANG_WARN__DUPLICATE_METHOD_MATCH = YES;
				COPY_PHASE_STRIP = NO;
				DEBUG_INFORMATION_FORMAT = dwarf;
				ENABLE_STRICT_OBJC_MSGSEND = YES;
				ENABLE_TESTABILITY = YES;
				GCC_C_LANGUAGE_STANDARD = gnu11;
				GCC_DYNAMIC_NO_PIC = NO;
				GCC_NO_COMMON_BLOCKS = YES;
				GCC_OPTIMIZATION_LEVEL = 0;
				GCC_PREPROCESSOR_DEFINITIONS = (
					"DEBUG=1",
					"$(inherited)",
				);
				GCC_WARN_64_TO_32_BIT_CONVERSION = YES;
				GCC_WARN_ABOUT_RETURN_TYPE = YES_ERROR;
				GCC_WARN_UNDECLARED_SELECTOR = YES;
				GCC_WARN_UNINITIALIZED_AUTOS = YES_AGGRESSIVE;
				GCC_WARN_UNUSED_FUNCTION = YES;
				GCC_WARN_UNUSED_VARIABLE = YES;
				IPHONEOS_DEPLOYMENT_TARGET = 13.2;
				MTL_ENABLE_DEBUG_INFO = INCLUDE_SOURCE;
				MTL_FAST_MATH = YES;
				ONLY_ACTIVE_ARCH = YES;
				SDKROOT = iphoneos;
				SWIFT_ACTIVE_COMPILATION_CONDITIONS = DEBUG;
				SWIFT_OPTIMIZATION_LEVEL = "-Onone";
			};
			name = Debug;
		};
		848D207A23FD85ED001CF01A /* Release */ = {
			isa = XCBuildConfiguration;
			buildSettings = {
				ALWAYS_SEARCH_USER_PATHS = NO;
				CLANG_ANALYZER_NONNULL = YES;
				CLANG_ANALYZER_NUMBER_OBJECT_CONVERSION = YES_AGGRESSIVE;
				CLANG_CXX_LANGUAGE_STANDARD = "gnu++14";
				CLANG_CXX_LIBRARY = "libc++";
				CLANG_ENABLE_MODULES = YES;
				CLANG_ENABLE_OBJC_ARC = YES;
				CLANG_ENABLE_OBJC_WEAK = YES;
				CLANG_WARN_BLOCK_CAPTURE_AUTORELEASING = YES;
				CLANG_WARN_BOOL_CONVERSION = YES;
				CLANG_WARN_COMMA = YES;
				CLANG_WARN_CONSTANT_CONVERSION = YES;
				CLANG_WARN_DEPRECATED_OBJC_IMPLEMENTATIONS = YES;
				CLANG_WARN_DIRECT_OBJC_ISA_USAGE = YES_ERROR;
				CLANG_WARN_DOCUMENTATION_COMMENTS = YES;
				CLANG_WARN_EMPTY_BODY = YES;
				CLANG_WARN_ENUM_CONVERSION = YES;
				CLANG_WARN_INFINITE_RECURSION = YES;
				CLANG_WARN_INT_CONVERSION = YES;
				CLANG_WARN_NON_LITERAL_NULL_CONVERSION = YES;
				CLANG_WARN_OBJC_IMPLICIT_RETAIN_SELF = YES;
				CLANG_WARN_OBJC_LITERAL_CONVERSION = YES;
				CLANG_WARN_OBJC_ROOT_CLASS = YES_ERROR;
				CLANG_WARN_RANGE_LOOP_ANALYSIS = YES;
				CLANG_WARN_STRICT_PROTOTYPES = YES;
				CLANG_WARN_SUSPICIOUS_MOVE = YES;
				CLANG_WARN_UNGUARDED_AVAILABILITY = YES_AGGRESSIVE;
				CLANG_WARN_UNREACHABLE_CODE = YES;
				CLANG_WARN__DUPLICATE_METHOD_MATCH = YES;
				COPY_PHASE_STRIP = NO;
				DEBUG_INFORMATION_FORMAT = "dwarf-with-dsym";
				ENABLE_NS_ASSERTIONS = NO;
				ENABLE_STRICT_OBJC_MSGSEND = YES;
				GCC_C_LANGUAGE_STANDARD = gnu11;
				GCC_NO_COMMON_BLOCKS = YES;
				GCC_WARN_64_TO_32_BIT_CONVERSION = YES;
				GCC_WARN_ABOUT_RETURN_TYPE = YES_ERROR;
				GCC_WARN_UNDECLARED_SELECTOR = YES;
				GCC_WARN_UNINITIALIZED_AUTOS = YES_AGGRESSIVE;
				GCC_WARN_UNUSED_FUNCTION = YES;
				GCC_WARN_UNUSED_VARIABLE = YES;
				IPHONEOS_DEPLOYMENT_TARGET = 13.2;
				MTL_ENABLE_DEBUG_INFO = NO;
				MTL_FAST_MATH = YES;
				SDKROOT = iphoneos;
				SWIFT_COMPILATION_MODE = wholemodule;
				SWIFT_OPTIMIZATION_LEVEL = "-O";
				VALIDATE_PRODUCT = YES;
			};
			name = Release;
		};
		848D207C23FD85ED001CF01A /* Debug */ = {
			isa = XCBuildConfiguration;
			baseConfigurationReference = A8A034AA156BAEBBA18C7025 /* Pods-ex_idus.debug.xcconfig */;
			buildSettings = {
				ASSETCATALOG_COMPILER_APPICON_NAME = AppIcon;
				CODE_SIGN_STYLE = Automatic;
				DEVELOPMENT_TEAM = L8A7A463KF;
				INFOPLIST_FILE = ex_idus/Resources/Info.plist;
				IPHONEOS_DEPLOYMENT_TARGET = 11.0;
				LD_RUNPATH_SEARCH_PATHS = (
					"$(inherited)",
					"@executable_path/Frameworks",
				);
				PRODUCT_BUNDLE_IDENTIFIER = "com.pgh.ex-idus";
				PRODUCT_NAME = "$(TARGET_NAME)";
				SWIFT_VERSION = 5.0;
				TARGETED_DEVICE_FAMILY = "1,2";
			};
			name = Debug;
		};
		848D207D23FD85ED001CF01A /* Release */ = {
			isa = XCBuildConfiguration;
			baseConfigurationReference = 087624E60E8F95E144ECF82F /* Pods-ex_idus.release.xcconfig */;
			buildSettings = {
				ASSETCATALOG_COMPILER_APPICON_NAME = AppIcon;
				CODE_SIGN_STYLE = Automatic;
				DEVELOPMENT_TEAM = L8A7A463KF;
				INFOPLIST_FILE = ex_idus/Resources/Info.plist;
				IPHONEOS_DEPLOYMENT_TARGET = 11.0;
				LD_RUNPATH_SEARCH_PATHS = (
					"$(inherited)",
					"@executable_path/Frameworks",
				);
				PRODUCT_BUNDLE_IDENTIFIER = "com.pgh.ex-idus";
				PRODUCT_NAME = "$(TARGET_NAME)";
				SWIFT_VERSION = 5.0;
				TARGETED_DEVICE_FAMILY = "1,2";
			};
			name = Release;
		};
/* End XCBuildConfiguration section */

/* Begin XCConfigurationList section */
		848D206223FD85E8001CF01A /* Build configuration list for PBXProject "ex_idus" */ = {
			isa = XCConfigurationList;
			buildConfigurations = (
				848D207923FD85ED001CF01A /* Debug */,
				848D207A23FD85ED001CF01A /* Release */,
			);
			defaultConfigurationIsVisible = 0;
			defaultConfigurationName = Release;
		};
		848D207B23FD85ED001CF01A /* Build configuration list for PBXNativeTarget "ex_idus" */ = {
			isa = XCConfigurationList;
			buildConfigurations = (
				848D207C23FD85ED001CF01A /* Debug */,
				848D207D23FD85ED001CF01A /* Release */,
			);
			defaultConfigurationIsVisible = 0;
			defaultConfigurationName = Release;
		};
/* End XCConfigurationList section */
	};
	rootObject = 848D205F23FD85E8001CF01A /* Project object */;
}
