// !$*UTF8*$!
{
	archiveVersion = 1;
	classes = {
	};
	objectVersion = 51;
	objects = {

/* Begin PBXBuildFile section */
		609956815F83418D5BFEBED2 /* Pods_ex_idus.framework in Frameworks */ = {isa = PBXBuildFile; fileRef = FD543026DED85A23DAE0A884 /* Pods_ex_idus.framework */; };
		8469A5A02402959600F4A44E /* ProductCell.swift in Sources */ = {isa = PBXBuildFile; fileRef = 8469A59F2402959600F4A44E /* ProductCell.swift */; };
		8469A5A3240295F700F4A44E /* Product.swift in Sources */ = {isa = PBXBuildFile; fileRef = 8469A5A2240295F700F4A44E /* Product.swift */; };
		846B092F2416212400E76080 /* ProductDetailViewController.swift in Sources */ = {isa = PBXBuildFile; fileRef = 846B092E2416212400E76080 /* ProductDetailViewController.swift */; };
		846B5F47240169BF00D10EA6 /* ProductListViewController.swift in Sources */ = {isa = PBXBuildFile; fileRef = 846B5F46240169BF00D10EA6 /* ProductListViewController.swift */; };
		846F8E0024156B4C00DB4A7D /* UIImageView+Extension.swift in Sources */ = {isa = PBXBuildFile; fileRef = 846F8DFF24156B4C00DB4A7D /* UIImageView+Extension.swift */; };
		846FDE442417C8A4003613B2 /* Network.swift in Sources */ = {isa = PBXBuildFile; fileRef = 846FDE432417C8A4003613B2 /* Network.swift */; };
		8471E8B42425009600094E5A /* ListRefreshReusableView.swift in Sources */ = {isa = PBXBuildFile; fileRef = 8471E8B22425009600094E5A /* ListRefreshReusableView.swift */; };
		8471E8B52425009600094E5A /* ListRefreshReusableView.xib in Resources */ = {isa = PBXBuildFile; fileRef = 8471E8B32425009600094E5A /* ListRefreshReusableView.xib */; };
		848D206B23FD85E8001CF01A /* AppDelegate.swift in Sources */ = {isa = PBXBuildFile; fileRef = 848D206A23FD85E8001CF01A /* AppDelegate.swift */; };
		848D207223FD85E8001CF01A /* Main.storyboard in Resources */ = {isa = PBXBuildFile; fileRef = 848D207023FD85E8001CF01A /* Main.storyboard */; };
		848D207423FD85ED001CF01A /* Assets.xcassets in Resources */ = {isa = PBXBuildFile; fileRef = 848D207323FD85ED001CF01A /* Assets.xcassets */; };
		848D207723FD85ED001CF01A /* LaunchScreen.storyboard in Resources */ = {isa = PBXBuildFile; fileRef = 848D207523FD85ED001CF01A /* LaunchScreen.storyboard */; };
/* End PBXBuildFile section */

/* Begin PBXFileReference section */
		8469A59F2402959600F4A44E /* ProductCell.swift */ = {isa = PBXFileReference; lastKnownFileType = sourcecode.swift; path = ProductCell.swift; sourceTree = "<group>"; };
		8469A5A2240295F700F4A44E /* Product.swift */ = {isa = PBXFileReference; lastKnownFileType = sourcecode.swift; path = Product.swift; sourceTree = "<group>"; };
		846B092E2416212400E76080 /* ProductDetailViewController.swift */ = {isa = PBXFileReference; lastKnownFileType = sourcecode.swift; path = ProductDetailViewController.swift; sourceTree = "<group>"; };
		846B5F46240169BF00D10EA6 /* ProductListViewController.swift */ = {isa = PBXFileReference; lastKnownFileType = sourcecode.swift; path = ProductListViewController.swift; sourceTree = "<group>"; };
		846F8DFF24156B4C00DB4A7D /* UIImageView+Extension.swift */ = {isa = PBXFileReference; lastKnownFileType = sourcecode.swift; path = "UIImageView+Extension.swift"; sourceTree = "<group>"; };
		846FDE432417C8A4003613B2 /* Network.swift */ = {isa = PBXFileReference; lastKnownFileType = sourcecode.swift; path = Network.swift; sourceTree = "<group>"; };
		8471E8B22425009600094E5A /* ListRefreshReusableView.swift */ = {isa = PBXFileReference; lastKnownFileType = sourcecode.swift; path = ListRefreshReusableView.swift; sourceTree = "<group>"; };
		8471E8B32425009600094E5A /* ListRefreshReusableView.xib */ = {isa = PBXFileReference; lastKnownFileType = file.xib; path = ListRefreshReusableView.xib; sourceTree = "<group>"; };
		848D206723FD85E8001CF01A /* ex_idus.app */ = {isa = PBXFileReference; explicitFileType = wrapper.application; includeInIndex = 0; path = ex_idus.app; sourceTree = BUILT_PRODUCTS_DIR; };
		848D206A23FD85E8001CF01A /* AppDelegate.swift */ = {isa = PBXFileReference; lastKnownFileType = sourcecode.swift; path = AppDelegate.swift; sourceTree = "<group>"; };
		848D207123FD85E8001CF01A /* Base */ = {isa = PBXFileReference; lastKnownFileType = file.storyboard; name = Base; path = Base.lproj/Main.storyboard; sourceTree = "<group>"; };
		848D207323FD85ED001CF01A /* Assets.xcassets */ = {isa = PBXFileReference; lastKnownFileType = folder.assetcatalog; path = Assets.xcassets; sourceTree = "<group>"; };
		848D207623FD85ED001CF01A /* Base */ = {isa = PBXFileReference; lastKnownFileType = file.storyboard; name = Base; path = Base.lproj/LaunchScreen.storyboard; sourceTree = "<group>"; };
		848D207823FD85ED001CF01A /* Info.plist */ = {isa = PBXFileReference; lastKnownFileType = text.plist.xml; path = Info.plist; sourceTree = "<group>"; };
		AC5262A5BF13AF5A431BE512 /* Pods-ex_idus.release.xcconfig */ = {isa = PBXFileReference; includeInIndex = 1; lastKnownFileType = text.xcconfig; name = "Pods-ex_idus.release.xcconfig"; path = "Target Support Files/Pods-ex_idus/Pods-ex_idus.release.xcconfig"; sourceTree = "<group>"; };
		FA7E157B828189D3527CF66D /* Pods-ex_idus.debug.xcconfig */ = {isa = PBXFileReference; includeInIndex = 1; lastKnownFileType = text.xcconfig; name = "Pods-ex_idus.debug.xcconfig"; path = "Target Support Files/Pods-ex_idus/Pods-ex_idus.debug.xcconfig"; sourceTree = "<group>"; };
		FD543026DED85A23DAE0A884 /* Pods_ex_idus.framework */ = {isa = PBXFileReference; explicitFileType = wrapper.framework; includeInIndex = 0; path = Pods_ex_idus.framework; sourceTree = BUILT_PRODUCTS_DIR; };
/* End PBXFileReference section */

/* Begin PBXFrameworksBuildPhase section */
		848D206423FD85E8001CF01A /* Frameworks */ = {
			isa = PBXFrameworksBuildPhase;
			buildActionMask = 2147483647;
			files = (
				609956815F83418D5BFEBED2 /* Pods_ex_idus.framework in Frameworks */,
			);
			runOnlyForDeploymentPostprocessing = 0;
		};
/* End PBXFrameworksBuildPhase section */

/* Begin PBXGroup section */
		5CBCE839B7EF6434F6C80E14 /* Pods */ = {
			isa = PBXGroup;
			children = (
				FA7E157B828189D3527CF66D /* Pods-ex_idus.debug.xcconfig */,
				AC5262A5BF13AF5A431BE512 /* Pods-ex_idus.release.xcconfig */,
			);
			path = Pods;
			sourceTree = "<group>";
		};
		8469A59E2402954C00F4A44E /* ProductList */ = {
			isa = PBXGroup;
			children = (
				846B5F46240169BF00D10EA6 /* ProductListViewController.swift */,
				8469A59F2402959600F4A44E /* ProductCell.swift */,
			);
			path = ProductList;
			sourceTree = "<group>";
		};
		8469A5A1240295D900F4A44E /* Model */ = {
			isa = PBXGroup;
			children = (
				846B092D241620F900E76080 /* ProductDetail */,
				846B092C241620DF00E76080 /* ProductList */,
			);
			path = Model;
			sourceTree = "<group>";
		};
		846B092C241620DF00E76080 /* ProductList */ = {
			isa = PBXGroup;
			children = (
				8469A5A2240295F700F4A44E /* Product.swift */,
			);
			path = ProductList;
			sourceTree = "<group>";
		};
		846B092D241620F900E76080 /* ProductDetail */ = {
			isa = PBXGroup;
			children = (
			);
			path = ProductDetail;
			sourceTree = "<group>";
		};
		846B5F452401693600D10EA6 /* ViewController */ = {
			isa = PBXGroup;
			children = (
				846F8E0124156E2800DB4A7D /* ProductDetail */,
				8469A59E2402954C00F4A44E /* ProductList */,
				8471E8B22425009600094E5A /* ListRefreshReusableView.swift */,
				8471E8B32425009600094E5A /* ListRefreshReusableView.xib */,
			);
			path = ViewController;
			sourceTree = "<group>";
		};
		846F8DFD24156A4D00DB4A7D /* Utility */ = {
			isa = PBXGroup;
			children = (
				846F8DFE24156A6500DB4A7D /* Extension */,
			);
			path = Utility;
			sourceTree = "<group>";
		};
		846F8DFE24156A6500DB4A7D /* Extension */ = {
			isa = PBXGroup;
			children = (
				846F8DFF24156B4C00DB4A7D /* UIImageView+Extension.swift */,
			);
			path = Extension;
			sourceTree = "<group>";
		};
		846F8E0124156E2800DB4A7D /* ProductDetail */ = {
			isa = PBXGroup;
			children = (
				846B092E2416212400E76080 /* ProductDetailViewController.swift */,
			);
			path = ProductDetail;
			sourceTree = "<group>";
		};
		846FDE422417C88E003613B2 /* Service */ = {
			isa = PBXGroup;
			children = (
				846FDE432417C8A4003613B2 /* Network.swift */,
			);
			path = Service;
			sourceTree = "<group>";
		};
		848D205E23FD85E8001CF01A = {
			isa = PBXGroup;
			children = (
				848D206923FD85E8001CF01A /* ex_idus */,
				848D206823FD85E8001CF01A /* Products */,
				84AB88AF23FECD46000AA0C1 /* Resource */,
				E4B39EBA88FD1D913118C26A /* Frameworks */,
				5CBCE839B7EF6434F6C80E14 /* Pods */,
			);
			sourceTree = "<group>";
		};
		848D206823FD85E8001CF01A /* Products */ = {
			isa = PBXGroup;
			children = (
				848D206723FD85E8001CF01A /* ex_idus.app */,
			);
			name = Products;
			sourceTree = "<group>";
		};
		848D206923FD85E8001CF01A /* ex_idus */ = {
			isa = PBXGroup;
			children = (
				846FDE422417C88E003613B2 /* Service */,
				848D206A23FD85E8001CF01A /* AppDelegate.swift */,
				848D207823FD85ED001CF01A /* Info.plist */,
				846F8DFD24156A4D00DB4A7D /* Utility */,
				8469A5A1240295D900F4A44E /* Model */,
				846B5F452401693600D10EA6 /* ViewController */,
			);
			path = ex_idus;
			sourceTree = "<group>";
		};
		84AB88AF23FECD46000AA0C1 /* Resource */ = {
			isa = PBXGroup;
			children = (
				848D207023FD85E8001CF01A /* Main.storyboard */,
				848D207323FD85ED001CF01A /* Assets.xcassets */,
				848D207523FD85ED001CF01A /* LaunchScreen.storyboard */,
			);
			path = Resource;
			sourceTree = "<group>";
		};
		E4B39EBA88FD1D913118C26A /* Frameworks */ = {
			isa = PBXGroup;
			children = (
				FD543026DED85A23DAE0A884 /* Pods_ex_idus.framework */,
			);
			name = Frameworks;
			sourceTree = "<group>";
		};
/* End PBXGroup section */

/* Begin PBXNativeTarget section */
		848D206623FD85E8001CF01A /* ex_idus */ = {
			isa = PBXNativeTarget;
			buildConfigurationList = 848D207B23FD85ED001CF01A /* Build configuration list for PBXNativeTarget "ex_idus" */;
			buildPhases = (
				B05EDABD2966F498C3874CA1 /* [CP] Check Pods Manifest.lock */,
				848D206323FD85E8001CF01A /* Sources */,
				848D206423FD85E8001CF01A /* Frameworks */,
				848D206523FD85E8001CF01A /* Resources */,
				47189540AEA01342A987CAFD /* [CP] Embed Pods Frameworks */,
			);
			buildRules = (
			);
			dependencies = (
			);
			name = ex_idus;
			productName = ex_idus;
			productReference = 848D206723FD85E8001CF01A /* ex_idus.app */;
			productType = "com.apple.product-type.application";
		};
/* End PBXNativeTarget section */

/* Begin PBXProject section */
		848D205F23FD85E8001CF01A /* Project object */ = {
			isa = PBXProject;
			attributes = {
				LastSwiftUpdateCheck = 1130;
				LastUpgradeCheck = 1130;
				ORGANIZATIONNAME = pgh;
				TargetAttributes = {
					848D206623FD85E8001CF01A = {
						CreatedOnToolsVersion = 11.3.1;
					};
				};
			};
			buildConfigurationList = 848D206223FD85E8001CF01A /* Build configuration list for PBXProject "ex_idus" */;
			compatibilityVersion = "Xcode 9.3";
			developmentRegion = en;
			hasScannedForEncodings = 0;
			knownRegions = (
				en,
				Base,
			);
			mainGroup = 848D205E23FD85E8001CF01A;
			productRefGroup = 848D206823FD85E8001CF01A /* Products */;
			projectDirPath = "";
			projectRoot = "";
			targets = (
				848D206623FD85E8001CF01A /* ex_idus */,
			);
		};
/* End PBXProject section */

/* Begin PBXResourcesBuildPhase section */
		848D206523FD85E8001CF01A /* Resources */ = {
			isa = PBXResourcesBuildPhase;
			buildActionMask = 2147483647;
			files = (
				848D207723FD85ED001CF01A /* LaunchScreen.storyboard in Resources */,
				8471E8B52425009600094E5A /* ListRefreshReusableView.xib in Resources */,
				848D207423FD85ED001CF01A /* Assets.xcassets in Resources */,
				848D207223FD85E8001CF01A /* Main.storyboard in Resources */,
			);
			runOnlyForDeploymentPostprocessing = 0;
		};
/* End PBXResourcesBuildPhase section */

/* Begin PBXShellScriptBuildPhase section */
		47189540AEA01342A987CAFD /* [CP] Embed Pods Frameworks */ = {
			isa = PBXShellScriptBuildPhase;
			buildActionMask = 2147483647;
			files = (
			);
			inputFileListPaths = (
				"${PODS_ROOT}/Target Support Files/Pods-ex_idus/Pods-ex_idus-frameworks-${CONFIGURATION}-input-files.xcfilelist",
			);
			name = "[CP] Embed Pods Frameworks";
			outputFileListPaths = (
				"${PODS_ROOT}/Target Support Files/Pods-ex_idus/Pods-ex_idus-frameworks-${CONFIGURATION}-output-files.xcfilelist",
			);
			runOnlyForDeploymentPostprocessing = 0;
			shellPath = /bin/sh;
			shellScript = "\"${PODS_ROOT}/Target Support Files/Pods-ex_idus/Pods-ex_idus-frameworks.sh\"\n";
			showEnvVarsInLog = 0;
		};
		B05EDABD2966F498C3874CA1 /* [CP] Check Pods Manifest.lock */ = {
			isa = PBXShellScriptBuildPhase;
			buildActionMask = 2147483647;
			files = (
			);
			inputFileListPaths = (
			);
			inputPaths = (
				"${PODS_PODFILE_DIR_PATH}/Podfile.lock",
				"${PODS_ROOT}/Manifest.lock",
			);
			name = "[CP] Check Pods Manifest.lock";
			outputFileListPaths = (
			);
			outputPaths = (
				"$(DERIVED_FILE_DIR)/Pods-ex_idus-checkManifestLockResult.txt",
			);
			runOnlyForDeploymentPostprocessing = 0;
			shellPath = /bin/sh;
			shellScript = "diff \"${PODS_PODFILE_DIR_PATH}/Podfile.lock\" \"${PODS_ROOT}/Manifest.lock\" > /dev/null\nif [ $? != 0 ] ; then\n    # print error to STDERR\n    echo \"error: The sandbox is not in sync with the Podfile.lock. Run 'pod install' or update your CocoaPods installation.\" >&2\n    exit 1\nfi\n# This output is used by Xcode 'outputs' to avoid re-running this script phase.\necho \"SUCCESS\" > \"${SCRIPT_OUTPUT_FILE_0}\"\n";
			showEnvVarsInLog = 0;
		};
/* End PBXShellScriptBuildPhase section */

/* Begin PBXSourcesBuildPhase section */
		848D206323FD85E8001CF01A /* Sources */ = {
			isa = PBXSourcesBuildPhase;
			buildActionMask = 2147483647;
			files = (
				8469A5A02402959600F4A44E /* ProductCell.swift in Sources */,
				8471E8B42425009600094E5A /* ListRefreshReusableView.swift in Sources */,
				8469A5A3240295F700F4A44E /* Product.swift in Sources */,
				846B5F47240169BF00D10EA6 /* ProductListViewController.swift in Sources */,
				846F8E0024156B4C00DB4A7D /* UIImageView+Extension.swift in Sources */,
				846B092F2416212400E76080 /* ProductDetailViewController.swift in Sources */,
				846FDE442417C8A4003613B2 /* Network.swift in Sources */,
				848D206B23FD85E8001CF01A /* AppDelegate.swift in Sources */,
			);
			runOnlyForDeploymentPostprocessing = 0;
		};
/* End PBXSourcesBuildPhase section */

/* Begin PBXVariantGroup section */
		848D207023FD85E8001CF01A /* Main.storyboard */ = {
			isa = PBXVariantGroup;
			children = (
				848D207123FD85E8001CF01A /* Base */,
			);
			name = Main.storyboard;
			sourceTree = "<group>";
		};
		848D207523FD85ED001CF01A /* LaunchScreen.storyboard */ = {
			isa = PBXVariantGroup;
			children = (
				848D207623FD85ED001CF01A /* Base */,
			);
			name = LaunchScreen.storyboard;
			sourceTree = "<group>";
		};
/* End PBXVariantGroup section */

/* Begin XCBuildConfiguration section */
		848D207923FD85ED001CF01A /* Debug */ = {
			isa = XCBuildConfiguration;
			buildSettings = {
				ALWAYS_SEARCH_USER_PATHS = NO;
				CLANG_ANALYZER_NONNULL = YES;
				CLANG_ANALYZER_NUMBER_OBJECT_CONVERSION = YES_AGGRESSIVE;
				CLANG_CXX_LANGUAGE_STANDARD = "gnu++14";
				CLANG_CXX_LIBRARY = "libc++";
				CLANG_ENABLE_MODULES = YES;
				CLANG_ENABLE_OBJC_ARC = YES;
				CLANG_ENABLE_OBJC_WEAK = YES;
				CLANG_WARN_BLOCK_CAPTURE_AUTORELEASING = YES;
				CLANG_WARN_BOOL_CONVERSION = YES;
				CLANG_WARN_COMMA = YES;
				CLANG_WARN_CONSTANT_CONVERSION = YES;
				CLANG_WARN_DEPRECATED_OBJC_IMPLEMENTATIONS = YES;
				CLANG_WARN_DIRECT_OBJC_ISA_USAGE = YES_ERROR;
				CLANG_WARN_DOCUMENTATION_COMMENTS = YES;
				CLANG_WARN_EMPTY_BODY = YES;
				CLANG_WARN_ENUM_CONVERSION = YES;
				CLANG_WARN_INFINITE_RECURSION = YES;
				CLANG_WARN_INT_CONVERSION = YES;
				CLANG_WARN_NON_LITERAL_NULL_CONVERSION = YES;
				CLANG_WARN_OBJC_IMPLICIT_RETAIN_SELF = YES;
				CLANG_WARN_OBJC_LITERAL_CONVERSION = YES;
				CLANG_WARN_OBJC_ROOT_CLASS = YES_ERROR;
				CLANG_WARN_RANGE_LOOP_ANALYSIS = YES;
				CLANG_WARN_STRICT_PROTOTYPES = YES;
				CLANG_WARN_SUSPICIOUS_MOVE = YES;
				CLANG_WARN_UNGUARDED_AVAILABILITY = YES_AGGRESSIVE;
				CLANG_WARN_UNREACHABLE_CODE = YES;
				CLANG_WARN__DUPLICATE_METHOD_MATCH = YES;
				COPY_PHASE_STRIP = NO;
				DEBUG_INFORMATION_FORMAT = dwarf;
				ENABLE_STRICT_OBJC_MSGSEND = YES;
				ENABLE_TESTABILITY = YES;
				GCC_C_LANGUAGE_STANDARD = gnu11;
				GCC_DYNAMIC_NO_PIC = NO;
				GCC_NO_COMMON_BLOCKS = YES;
				GCC_OPTIMIZATION_LEVEL = 0;
				GCC_PREPROCESSOR_DEFINITIONS = (
					"DEBUG=1",
					"$(inherited)",
				);
				GCC_WARN_64_TO_32_BIT_CONVERSION = YES;
				GCC_WARN_ABOUT_RETURN_TYPE = YES_ERROR;
				GCC_WARN_UNDECLARED_SELECTOR = YES;
				GCC_WARN_UNINITIALIZED_AUTOS = YES_AGGRESSIVE;
				GCC_WARN_UNUSED_FUNCTION = YES;
				GCC_WARN_UNUSED_VARIABLE = YES;
				IPHONEOS_DEPLOYMENT_TARGET = 13.2;
				MTL_ENABLE_DEBUG_INFO = INCLUDE_SOURCE;
				MTL_FAST_MATH = YES;
				ONLY_ACTIVE_ARCH = YES;
				SDKROOT = iphoneos;
				SWIFT_ACTIVE_COMPILATION_CONDITIONS = DEBUG;
				SWIFT_OPTIMIZATION_LEVEL = "-Onone";
			};
			name = Debug;
		};
		848D207A23FD85ED001CF01A /* Release */ = {
			isa = XCBuildConfiguration;
			buildSettings = {
				ALWAYS_SEARCH_USER_PATHS = NO;
				CLANG_ANALYZER_NONNULL = YES;
				CLANG_ANALYZER_NUMBER_OBJECT_CONVERSION = YES_AGGRESSIVE;
				CLANG_CXX_LANGUAGE_STANDARD = "gnu++14";
				CLANG_CXX_LIBRARY = "libc++";
				CLANG_ENABLE_MODULES = YES;
				CLANG_ENABLE_OBJC_ARC = YES;
				CLANG_ENABLE_OBJC_WEAK = YES;
				CLANG_WARN_BLOCK_CAPTURE_AUTORELEASING = YES;
				CLANG_WARN_BOOL_CONVERSION = YES;
				CLANG_WARN_COMMA = YES;
				CLANG_WARN_CONSTANT_CONVERSION = YES;
				CLANG_WARN_DEPRECATED_OBJC_IMPLEMENTATIONS = YES;
				CLANG_WARN_DIRECT_OBJC_ISA_USAGE = YES_ERROR;
				CLANG_WARN_DOCUMENTATION_COMMENTS = YES;
				CLANG_WARN_EMPTY_BODY = YES;
				CLANG_WARN_ENUM_CONVERSION = YES;
				CLANG_WARN_INFINITE_RECURSION = YES;
				CLANG_WARN_INT_CONVERSION = YES;
				CLANG_WARN_NON_LITERAL_NULL_CONVERSION = YES;
				CLANG_WARN_OBJC_IMPLICIT_RETAIN_SELF = YES;
				CLANG_WARN_OBJC_LITERAL_CONVERSION = YES;
				CLANG_WARN_OBJC_ROOT_CLASS = YES_ERROR;
				CLANG_WARN_RANGE_LOOP_ANALYSIS = YES;
				CLANG_WARN_STRICT_PROTOTYPES = YES;
				CLANG_WARN_SUSPICIOUS_MOVE = YES;
				CLANG_WARN_UNGUARDED_AVAILABILITY = YES_AGGRESSIVE;
				CLANG_WARN_UNREACHABLE_CODE = YES;
				CLANG_WARN__DUPLICATE_METHOD_MATCH = YES;
				COPY_PHASE_STRIP = NO;
				DEBUG_INFORMATION_FORMAT = "dwarf-with-dsym";
				ENABLE_NS_ASSERTIONS = NO;
				ENABLE_STRICT_OBJC_MSGSEND = YES;
				GCC_C_LANGUAGE_STANDARD = gnu11;
				GCC_NO_COMMON_BLOCKS = YES;
				GCC_WARN_64_TO_32_BIT_CONVERSION = YES;
				GCC_WARN_ABOUT_RETURN_TYPE = YES_ERROR;
				GCC_WARN_UNDECLARED_SELECTOR = YES;
				GCC_WARN_UNINITIALIZED_AUTOS = YES_AGGRESSIVE;
				GCC_WARN_UNUSED_FUNCTION = YES;
				GCC_WARN_UNUSED_VARIABLE = YES;
				IPHONEOS_DEPLOYMENT_TARGET = 13.2;
				MTL_ENABLE_DEBUG_INFO = NO;
				MTL_FAST_MATH = YES;
				SDKROOT = iphoneos;
				SWIFT_COMPILATION_MODE = wholemodule;
				SWIFT_OPTIMIZATION_LEVEL = "-O";
				VALIDATE_PRODUCT = YES;
			};
			name = Release;
		};
		848D207C23FD85ED001CF01A /* Debug */ = {
			isa = XCBuildConfiguration;
			baseConfigurationReference = FA7E157B828189D3527CF66D /* Pods-ex_idus.debug.xcconfig */;
			buildSettings = {
				ASSETCATALOG_COMPILER_APPICON_NAME = AppIcon;
				CODE_SIGN_STYLE = Automatic;
				DEVELOPMENT_TEAM = L8A7A463KF;
				INFOPLIST_FILE = ex_idus/Info.plist;
				IPHONEOS_DEPLOYMENT_TARGET = 11.0;
				LD_RUNPATH_SEARCH_PATHS = (
					"$(inherited)",
					"@executable_path/Frameworks",
				);
				PRODUCT_BUNDLE_IDENTIFIER = "com.pgh.ex-idus";
				PRODUCT_NAME = "$(TARGET_NAME)";
				SWIFT_VERSION = 5.0;
				TARGETED_DEVICE_FAMILY = "1,2";
			};
			name = Debug;
		};
		848D207D23FD85ED001CF01A /* Release */ = {
			isa = XCBuildConfiguration;
			baseConfigurationReference = AC5262A5BF13AF5A431BE512 /* Pods-ex_idus.release.xcconfig */;
			buildSettings = {
				ASSETCATALOG_COMPILER_APPICON_NAME = AppIcon;
				CODE_SIGN_STYLE = Automatic;
				DEVELOPMENT_TEAM = L8A7A463KF;
				INFOPLIST_FILE = ex_idus/Info.plist;
				IPHONEOS_DEPLOYMENT_TARGET = 11.0;
				LD_RUNPATH_SEARCH_PATHS = (
					"$(inherited)",
					"@executable_path/Frameworks",
				);
				PRODUCT_BUNDLE_IDENTIFIER = "com.pgh.ex-idus";
				PRODUCT_NAME = "$(TARGET_NAME)";
				SWIFT_VERSION = 5.0;
				TARGETED_DEVICE_FAMILY = "1,2";
			};
			name = Release;
		};
/* End XCBuildConfiguration section */

/* Begin XCConfigurationList section */
		848D206223FD85E8001CF01A /* Build configuration list for PBXProject "ex_idus" */ = {
			isa = XCConfigurationList;
			buildConfigurations = (
				848D207923FD85ED001CF01A /* Debug */,
				848D207A23FD85ED001CF01A /* Release */,
			);
			defaultConfigurationIsVisible = 0;
			defaultConfigurationName = Release;
		};
		848D207B23FD85ED001CF01A /* Build configuration list for PBXNativeTarget "ex_idus" */ = {
			isa = XCConfigurationList;
			buildConfigurations = (
				848D207C23FD85ED001CF01A /* Debug */,
				848D207D23FD85ED001CF01A /* Release */,
			);
			defaultConfigurationIsVisible = 0;
			defaultConfigurationName = Release;
		};
/* End XCConfigurationList section */
	};
	rootObject = 848D205F23FD85E8001CF01A /* Project object */;
}
